// !$*UTF8*$!
{
	archiveVersion = 1;
	classes = {
	};
	objectVersion = 48;
	objects = {

/* Begin PBXBuildFile section */
		918EC69720474DD10063AACB /* AppDelegate.swift in Sources */ = {isa = PBXBuildFile; fileRef = 918EC69620474DD10063AACB /* AppDelegate.swift */; };
		918EC69920474DD10063AACB /* ViewController.swift in Sources */ = {isa = PBXBuildFile; fileRef = 918EC69820474DD10063AACB /* ViewController.swift */; };
		918EC69C20474DD10063AACB /* Main.storyboard in Resources */ = {isa = PBXBuildFile; fileRef = 918EC69A20474DD10063AACB /* Main.storyboard */; };
		918EC69E20474DD20063AACB /* Assets.xcassets in Resources */ = {isa = PBXBuildFile; fileRef = 918EC69D20474DD20063AACB /* Assets.xcassets */; };
		918EC6A120474DD20063AACB /* LaunchScreen.storyboard in Resources */ = {isa = PBXBuildFile; fileRef = 918EC69F20474DD20063AACB /* LaunchScreen.storyboard */; };
		918EC6C920474F7D0063AACB /* CustomTableViewCell.swift in Sources */ = {isa = PBXBuildFile; fileRef = 918EC6C820474F7D0063AACB /* CustomTableViewCell.swift */; };
		918EC6CB204755CF0063AACB /* NewsItem.swift in Sources */ = {isa = PBXBuildFile; fileRef = 918EC6CA204755CF0063AACB /* NewsItem.swift */; };
/* End PBXBuildFile section */

/* Begin PBXFileReference section */
		918EC69320474DD10063AACB /* StrechMyHeader.app */ = {isa = PBXFileReference; explicitFileType = wrapper.application; includeInIndex = 0; path = StrechMyHeader.app; sourceTree = BUILT_PRODUCTS_DIR; };
		918EC69620474DD10063AACB /* AppDelegate.swift */ = {isa = PBXFileReference; lastKnownFileType = sourcecode.swift; path = AppDelegate.swift; sourceTree = "<group>"; };
		918EC69820474DD10063AACB /* ViewController.swift */ = {isa = PBXFileReference; lastKnownFileType = sourcecode.swift; path = ViewController.swift; sourceTree = "<group>"; };
		918EC69B20474DD10063AACB /* Base */ = {isa = PBXFileReference; lastKnownFileType = file.storyboard; name = Base; path = Base.lproj/Main.storyboard; sourceTree = "<group>"; };
		918EC69D20474DD20063AACB /* Assets.xcassets */ = {isa = PBXFileReference; lastKnownFileType = folder.assetcatalog; path = Assets.xcassets; sourceTree = "<group>"; };
		918EC6A020474DD20063AACB /* Base */ = {isa = PBXFileReference; lastKnownFileType = file.storyboard; name = Base; path = Base.lproj/LaunchScreen.storyboard; sourceTree = "<group>"; };
		918EC6A220474DD20063AACB /* Info.plist */ = {isa = PBXFileReference; lastKnownFileType = text.plist.xml; path = Info.plist; sourceTree = "<group>"; };
		918EC6C820474F7D0063AACB /* CustomTableViewCell.swift */ = {isa = PBXFileReference; lastKnownFileType = sourcecode.swift; path = CustomTableViewCell.swift; sourceTree = "<group>"; };
		918EC6CA204755CF0063AACB /* NewsItem.swift */ = {isa = PBXFileReference; lastKnownFileType = sourcecode.swift; path = NewsItem.swift; sourceTree = "<group>"; };
/* End PBXFileReference section */

/* Begin PBXFrameworksBuildPhase section */
		918EC69020474DD10063AACB /* Frameworks */ = {
			isa = PBXFrameworksBuildPhase;
			buildActionMask = 2147483647;
			files = (
			);
			runOnlyForDeploymentPostprocessing = 0;
		};
/* End PBXFrameworksBuildPhase section */

/* Begin PBXGroup section */
		918EC68A20474DD10063AACB = {
			isa = PBXGroup;
			children = (
				918EC69520474DD10063AACB /* StrechMyHeader */,
				918EC69420474DD10063AACB /* Products */,
			);
			sourceTree = "<group>";
		};
		918EC69420474DD10063AACB /* Products */ = {
			isa = PBXGroup;
			children = (
				918EC69320474DD10063AACB /* StrechMyHeader.app */,
			);
			name = Products;
			sourceTree = "<group>";
		};
		918EC69520474DD10063AACB /* StrechMyHeader */ = {
			isa = PBXGroup;
			children = (
				918EC69620474DD10063AACB /* AppDelegate.swift */,
				918EC69820474DD10063AACB /* ViewController.swift */,
				918EC6CA204755CF0063AACB /* NewsItem.swift */,
				918EC6C820474F7D0063AACB /* CustomTableViewCell.swift */,
				918EC69A20474DD10063AACB /* Main.storyboard */,
				918EC69D20474DD20063AACB /* Assets.xcassets */,
				918EC69F20474DD20063AACB /* LaunchScreen.storyboard */,
				918EC6A220474DD20063AACB /* Info.plist */,
			);
			path = StrechMyHeader;
			sourceTree = "<group>";
		};
/* End PBXGroup section */

/* Begin PBXNativeTarget section */
		918EC69220474DD10063AACB /* StrechMyHeader */ = {
			isa = PBXNativeTarget;
			buildConfigurationList = 918EC6A520474DD20063AACB /* Build configuration list for PBXNativeTarget "StrechMyHeader" */;
			buildPhases = (
				918EC68F20474DD10063AACB /* Sources */,
				918EC69020474DD10063AACB /* Frameworks */,
				918EC69120474DD10063AACB /* Resources */,
			);
			buildRules = (
			);
			dependencies = (
			);
			name = StrechMyHeader;
			productName = StrechMyHeader;
			productReference = 918EC69320474DD10063AACB /* StrechMyHeader.app */;
			productType = "com.apple.product-type.application";
		};
/* End PBXNativeTarget section */

/* Begin PBXProject section */
		918EC68B20474DD10063AACB /* Project object */ = {
			isa = PBXProject;
			attributes = {
				LastSwiftUpdateCheck = 0920;
				LastUpgradeCheck = 0920;
				ORGANIZATIONNAME = YongwooHuh;
				TargetAttributes = {
					918EC69220474DD10063AACB = {
						CreatedOnToolsVersion = 9.2;
						ProvisioningStyle = Automatic;
					};
				};
			};
			buildConfigurationList = 918EC68E20474DD10063AACB /* Build configuration list for PBXProject "StrechMyHeader" */;
			compatibilityVersion = "Xcode 8.0";
			developmentRegion = en;
			hasScannedForEncodings = 0;
			knownRegions = (
				en,
				Base,
			);
			mainGroup = 918EC68A20474DD10063AACB;
			productRefGroup = 918EC69420474DD10063AACB /* Products */;
			projectDirPath = "";
			projectRoot = "";
			targets = (
				918EC69220474DD10063AACB /* StrechMyHeader */,
			);
		};
/* End PBXProject section */

/* Begin PBXResourcesBuildPhase section */
		918EC69120474DD10063AACB /* Resources */ = {
			isa = PBXResourcesBuildPhase;
			buildActionMask = 2147483647;
			files = (
				918EC6A120474DD20063AACB /* LaunchScreen.storyboard in Resources */,
				918EC69E20474DD20063AACB /* Assets.xcassets in Resources */,
				918EC69C20474DD10063AACB /* Main.storyboard in Resources */,
			);
			runOnlyForDeploymentPostprocessing = 0;
		};
/* End PBXResourcesBuildPhase section */

/* Begin PBXSourcesBuildPhase section */
		918EC68F20474DD10063AACB /* Sources */ = {
			isa = PBXSourcesBuildPhase;
			buildActionMask = 2147483647;
			files = (
				918EC6C920474F7D0063AACB /* CustomTableViewCell.swift in Sources */,
				918EC6CB204755CF0063AACB /* NewsItem.swift in Sources */,
				918EC69920474DD10063AACB /* ViewController.swift in Sources */,
				918EC69720474DD10063AACB /* AppDelegate.swift in Sources */,
			);
			runOnlyForDeploymentPostprocessing = 0;
		};
/* End PBXSourcesBuildPhase section */

/* Begin PBXVariantGroup section */
		918EC69A20474DD10063AACB /* Main.storyboard */ = {
			isa = PBXVariantGroup;
			children = (
				918EC69B20474DD10063AACB /* Base */,
			);
			name = Main.storyboard;
			sourceTree = "<group>";
		};
		918EC69F20474DD20063AACB /* LaunchScreen.storyboard */ = {
			isa = PBXVariantGroup;
			children = (
				918EC6A020474DD20063AACB /* Base */,
			);
			name = LaunchScreen.storyboard;
			sourceTree = "<group>";
		};
/* End PBXVariantGroup section */

/* Begin XCBuildConfiguration section */
		918EC6A320474DD20063AACB /* Debug */ = {
			isa = XCBuildConfiguration;
			buildSettings = {
				ALWAYS_SEARCH_USER_PATHS = NO;
				CLANG_ANALYZER_NONNULL = YES;
				CLANG_ANALYZER_NUMBER_OBJECT_CONVERSION = YES_AGGRESSIVE;
				CLANG_CXX_LANGUAGE_STANDARD = "gnu++14";
				CLANG_CXX_LIBRARY = "libc++";
				CLANG_ENABLE_MODULES = YES;
				CLANG_ENABLE_OBJC_ARC = YES;
				CLANG_WARN_BLOCK_CAPTURE_AUTORELEASING = YES;
				CLANG_WARN_BOOL_CONVERSION = YES;
				CLANG_WARN_COMMA = YES;
				CLANG_WARN_CONSTANT_CONVERSION = YES;
				CLANG_WARN_DIRECT_OBJC_ISA_USAGE = YES_ERROR;
				CLANG_WARN_DOCUMENTATION_COMMENTS = YES;
				CLANG_WARN_EMPTY_BODY = YES;
				CLANG_WARN_ENUM_CONVERSION = YES;
				CLANG_WARN_INFINITE_RECURSION = YES;
				CLANG_WARN_INT_CONVERSION = YES;
				CLANG_WARN_NON_LITERAL_NULL_CONVERSION = YES;
				CLANG_WARN_OBJC_LITERAL_CONVERSION = YES;
				CLANG_WARN_OBJC_ROOT_CLASS = YES_ERROR;
				CLANG_WARN_RANGE_LOOP_ANALYSIS = YES;
				CLANG_WARN_STRICT_PROTOTYPES = YES;
				CLANG_WARN_SUSPICIOUS_MOVE = YES;
				CLANG_WARN_UNGUARDED_AVAILABILITY = YES_AGGRESSIVE;
				CLANG_WARN_UNREACHABLE_CODE = YES;
				CLANG_WARN__DUPLICATE_METHOD_MATCH = YES;
				CODE_SIGN_IDENTITY = "iPhone Developer";
				COPY_PHASE_STRIP = NO;
				DEBUG_INFORMATION_FORMAT = dwarf;
				ENABLE_STRICT_OBJC_MSGSEND = YES;
				ENABLE_TESTABILITY = YES;
				GCC_C_LANGUAGE_STANDARD = gnu11;
				GCC_DYNAMIC_NO_PIC = NO;
				GCC_NO_COMMON_BLOCKS = YES;
				GCC_OPTIMIZATION_LEVEL = 0;
				GCC_PREPROCESSOR_DEFINITIONS = (
					"DEBUG=1",
					"$(inherited)",
				);
				GCC_WARN_64_TO_32_BIT_CONVERSION = YES;
				GCC_WARN_ABOUT_RETURN_TYPE = YES_ERROR;
				GCC_WARN_UNDECLARED_SELECTOR = YES;
				GCC_WARN_UNINITIALIZED_AUTOS = YES_AGGRESSIVE;
				GCC_WARN_UNUSED_FUNCTION = YES;
				GCC_WARN_UNUSED_VARIABLE = YES;
				IPHONEOS_DEPLOYMENT_TARGET = 11.2;
				MTL_ENABLE_DEBUG_INFO = YES;
				ONLY_ACTIVE_ARCH = YES;
				SDKROOT = iphoneos;
				SWIFT_ACTIVE_COMPILATION_CONDITIONS = DEBUG;
				SWIFT_OPTIMIZATION_LEVEL = "-Onone";
			};
			name = Debug;
		};
		918EC6A420474DD20063AACB /* Release */ = {
			isa = XCBuildConfiguration;
			buildSettings = {
				ALWAYS_SEARCH_USER_PATHS = NO;
				CLANG_ANALYZER_NONNULL = YES;
				CLANG_ANALYZER_NUMBER_OBJECT_CONVERSION = YES_AGGRESSIVE;
				CLANG_CXX_LANGUAGE_STANDARD = "gnu++14";
				CLANG_CXX_LIBRARY = "libc++";
				CLANG_ENABLE_MODULES = YES;
				CLANG_ENABLE_OBJC_ARC = YES;
				CLANG_WARN_BLOCK_CAPTURE_AUTORELEASING = YES;
				CLANG_WARN_BOOL_CONVERSION = YES;
				CLANG_WARN_COMMA = YES;
				CLANG_WARN_CONSTANT_CONVERSION = YES;
				CLANG_WARN_DIRECT_OBJC_ISA_USAGE = YES_ERROR;
				CLANG_WARN_DOCUMENTATION_COMMENTS = YES;
				CLANG_WARN_EMPTY_BODY = YES;
				CLANG_WARN_ENUM_CONVERSION = YES;
				CLANG_WARN_INFINITE_RECURSION = YES;
				CLANG_WARN_INT_CONVERSION = YES;
				CLANG_WARN_NON_LITERAL_NULL_CONVERSION = YES;
				CLANG_WARN_OBJC_LITERAL_CONVERSION = YES;
				CLANG_WARN_OBJC_ROOT_CLASS = YES_ERROR;
				CLANG_WARN_RANGE_LOOP_ANALYSIS = YES;
				CLANG_WARN_STRICT_PROTOTYPES = YES;
				CLANG_WARN_SUSPICIOUS_MOVE = YES;
				CLANG_WARN_UNGUARDED_AVAILABILITY = YES_AGGRESSIVE;
				CLANG_WARN_UNREACHABLE_CODE = YES;
				CLANG_WARN__DUPLICATE_METHOD_MATCH = YES;
				CODE_SIGN_IDENTITY = "iPhone Developer";
				COPY_PHASE_STRIP = NO;
				DEBUG_INFORMATION_FORMAT = "dwarf-with-dsym";
				ENABLE_NS_ASSERTIONS = NO;
				ENABLE_STRICT_OBJC_MSGSEND = YES;
				GCC_C_LANGUAGE_STANDARD = gnu11;
				GCC_NO_COMMON_BLOCKS = YES;
				GCC_WARN_64_TO_32_BIT_CONVERSION = YES;
				GCC_WARN_ABOUT_RETURN_TYPE = YES_ERROR;
				GCC_WARN_UNDECLARED_SELECTOR = YES;
				GCC_WARN_UNINITIALIZED_AUTOS = YES_AGGRESSIVE;
				GCC_WARN_UNUSED_FUNCTION = YES;
				GCC_WARN_UNUSED_VARIABLE = YES;
				IPHONEOS_DEPLOYMENT_TARGET = 11.2;
				MTL_ENABLE_DEBUG_INFO = NO;
				SDKROOT = iphoneos;
				SWIFT_OPTIMIZATION_LEVEL = "-Owholemodule";
				VALIDATE_PRODUCT = YES;
			};
			name = Release;
		};
		918EC6A620474DD20063AACB /* Debug */ = {
			isa = XCBuildConfiguration;
			buildSettings = {
				ASSETCATALOG_COMPILER_APPICON_NAME = AppIcon;
				CODE_SIGN_STYLE = Automatic;
				INFOPLIST_FILE = StrechMyHeader/Info.plist;
				LD_RUNPATH_SEARCH_PATHS = "$(inherited) @executable_path/Frameworks";
				PRODUCT_BUNDLE_IDENTIFIER = yongwoo.StrechMyHeader;
				PRODUCT_NAME = "$(TARGET_NAME)";
				SWIFT_VERSION = 4.0;
				TARGETED_DEVICE_FAMILY = "1,2";
			};
			name = Debug;
		};
		918EC6A720474DD20063AACB /* Release */ = {
			isa = XCBuildConfiguration;
			buildSettings = {
				ASSETCATALOG_COMPILER_APPICON_NAME = AppIcon;
				CODE_SIGN_STYLE = Automatic;
				INFOPLIST_FILE = StrechMyHeader/Info.plist;
				LD_RUNPATH_SEARCH_PATHS = "$(inherited) @executable_path/Frameworks";
				PRODUCT_BUNDLE_IDENTIFIER = yongwoo.StrechMyHeader;
				PRODUCT_NAME = "$(TARGET_NAME)";
				SWIFT_VERSION = 4.0;
				TARGETED_DEVICE_FAMILY = "1,2";
			};
			name = Release;
		};
/* End XCBuildConfiguration section */

/* Begin XCConfigurationList section */
		918EC68E20474DD10063AACB /* Build configuration list for PBXProject "StrechMyHeader" */ = {
			isa = XCConfigurationList;
			buildConfigurations = (
				918EC6A320474DD20063AACB /* Debug */,
				918EC6A420474DD20063AACB /* Release */,
			);
			defaultConfigurationIsVisible = 0;
			defaultConfigurationName = Release;
		};
		918EC6A520474DD20063AACB /* Build configuration list for PBXNativeTarget "StrechMyHeader" */ = {
			isa = XCConfigurationList;
			buildConfigurations = (
				918EC6A620474DD20063AACB /* Debug */,
				918EC6A720474DD20063AACB /* Release */,
			);
			defaultConfigurationIsVisible = 0;
			defaultConfigurationName = Release;
		};
/* End XCConfigurationList section */
	};
	rootObject = 918EC68B20474DD10063AACB /* Project object */;
}
